
Microsoft Visual Studio Solution File, Format Version 12.00
# Visual Studio Version 17
VisualStudioVersion = 17.0.31903.59
MinimumVisualStudioVersion = 10.0.40219.1
Project("{FAE04EC0-301F-11D3-BF4B-00C04F79EFBC}") = "Text", "Text\Text.csproj", "{29374A2E-8929-44EF-9A0E-58FA699553DF}"
EndProject
Project("{FAE04EC0-301F-11D3-BF4B-00C04F79EFBC}") = "Text.Tests", "Text.Tests\Text.Tests.csproj", "{1EE9CE6D-0495-4C39-AF70-3A783327B0E8}"
EndProject
Global
	GlobalSection(SolutionConfigurationPlatforms) = preSolution
		Debug|Any CPU = Debug|Any CPU
		Release|Any CPU = Release|Any CPU
	EndGlobalSection
	GlobalSection(SolutionProperties) = preSolution
		HideSolutionNode = FALSE
	EndGlobalSection
	GlobalSection(ProjectConfigurationPlatforms) = postSolution
		{29374A2E-8929-44EF-9A0E-58FA699553DF}.Debug|Any CPU.ActiveCfg = Debug|Any CPU
		{29374A2E-8929-44EF-9A0E-58FA699553DF}.Debug|Any CPU.Build.0 = Debug|Any CPU
		{29374A2E-8929-44EF-9A0E-58FA699553DF}.Release|Any CPU.ActiveCfg = Release|Any CPU
		{29374A2E-8929-44EF-9A0E-58FA699553DF}.Release|Any CPU.Build.0 = Release|Any CPU
		{1EE9CE6D-0495-4C39-AF70-3A783327B0E8}.Debug|Any CPU.ActiveCfg = Debug|Any CPU
		{1EE9CE6D-0495-4C39-AF70-3A783327B0E8}.Debug|Any CPU.Build.0 = Debug|Any CPU
		{1EE9CE6D-0495-4C39-AF70-3A783327B0E8}.Release|Any CPU.ActiveCfg = Release|Any CPU
		{1EE9CE6D-0495-4C39-AF70-3A783327B0E8}.Release|Any CPU.Build.0 = Release|Any CPU
	EndGlobalSection
EndGlobal
